<?xml version="1.0" encoding="utf-8"?>
<Project ToolsVersion="4.0" xmlns="http://schemas.microsoft.com/developer/msbuild/2003">
  <ItemGroup>
    <Filter Include="Source Files">
      <UniqueIdentifier>{54c3b16c-5d82-4bd8-9d13-22cd00da8dfe}</UniqueIdentifier>
    </Filter>
    <Filter Include="Generated Files">
      <UniqueIdentifier>{a25a0eea-ddfd-4aeb-8e30-8ac51dbfea56}</UniqueIdentifier>
      <SourceControlFiles>False</SourceControlFiles>
    </Filter>
  </ItemGroup>
  <ItemGroup>
    <None Include="RdpRenderChannelps.def" />
  </ItemGroup>
  <ItemGroup>
    <ClCompile Include="RdpRenderChannel_i.c">
      <Filter>Generated Files</Filter>
    </ClCompile>
    <ClCompile Include="RdpRenderChannel_p.c">
      <Filter>Generated Files</Filter>
    </ClCompile>
    <ClCompile Include="dlldata.c">
      <Filter>Generated Files</Filter>
    </ClCompile>
  </ItemGroup>
</Project>